{
  "version": "5",
  "redirects": {
    "https://esm.sh/@supabase/node-fetch@^2.6.14?target=denonext": "https://esm.sh/@supabase/node-fetch@2.6.15?target=denonext",
    "https://esm.sh/@types/ws@~8.18.1/index.d.mts": "https://esm.sh/@types/ws@8.18.1/index.d.mts",
    "https://esm.sh/bufferutil@^4.0.1?target=denonext": "https://esm.sh/bufferutil@4.1.0?target=denonext",
    "https://esm.sh/node-gyp-build@^4.3.0?target=denonext": "https://esm.sh/node-gyp-build@4.8.4?target=denonext",
    "https://esm.sh/tr46@~0.0.3?target=denonext": "https://esm.sh/tr46@0.0.3?target=denonext",
    "https://esm.sh/utf-8-validate@%3E=5.0.2?target=denonext": "https://esm.sh/utf-8-validate@6.0.6?target=denonext",
    "https://esm.sh/webidl-conversions@^3.0.0?target=denonext": "https://esm.sh/webidl-conversions@3.0.1?target=denonext",
    "https://esm.sh/whatwg-url@^5.0.0?target=denonext": "https://esm.sh/whatwg-url@5.0.0?target=denonext",
    "https://esm.sh/ws@^8.14.2?target=denonext": "https://esm.sh/ws@8.19.0?target=denonext"
  },
  "remote": {
    "https://deno.land/std@0.190.0/_util/asserts.ts": "178dfc49a464aee693a7e285567b3d0b555dc805ff490505a8aae34f9cfb1462",
    "https://deno.land/std@0.190.0/async/abortable.ts": "fd682fa46f3b7b16b4606a5ab52a7ce309434b76f820d3221bdfb862719a15d7",
    "https://deno.land/std@0.190.0/async/deadline.ts": "58f72a3cc0fcb731b2cc055ba046f4b5be3349ff6bf98f2e793c3b969354aab2",
    "https://deno.land/std@0.190.0/async/debounce.ts": "adab11d04ca38d699444ac8a9d9856b4155e8dda2afd07ce78276c01ea5a4332",
    "https://deno.land/std@0.190.0/async/deferred.ts": "42790112f36a75a57db4a96d33974a936deb7b04d25c6084a9fa8a49f135def8",
    "https://deno.land/std@0.190.0/async/delay.ts": "73aa04cec034c84fc748c7be49bb15cac3dd43a57174bfdb7a4aec22c248f0dd",
    "https://deno.land/std@0.190.0/async/mod.ts": "f04344fa21738e5ad6bea37a6bfffd57c617c2d372bb9f9dcfd118a1b622e576",
    "https://deno.land/std@0.190.0/async/mux_async_iterator.ts": "70c7f2ee4e9466161350473ad61cac0b9f115cff4c552eaa7ef9d50c4cbb4cc9",
    "https://deno.land/std@0.190.0/async/pool.ts": "f1b8d3df4d7fd3c73f8cbc91cc2e8b8e950910f1eab94230b443944d7584c657",
    "https://deno.land/std@0.190.0/async/retry.ts": "c9248325ec08cc2cceb7618472e77589a51a25cee460e07b6096be34966c2ead",
    "https://deno.land/std@0.190.0/async/tee.ts": "47e42d35f622650b02234d43803d0383a89eb4387e1b83b5a40106d18ae36757",
    "https://deno.land/std@0.190.0/http/server.ts": "1b23463b5b36e4eebc495417f6af47a6f7d52e3294827a1226d2a1aab23d9d20",
    "https://esm.sh/@supabase/auth-js@2.65.1/denonext/auth-js.mjs": "82701851608f9c7a52d03bb0a4af6e6cc74170ffd56113801ed17a4d69c01f50",
    "https://esm.sh/@supabase/functions-js@2.4.3/denonext/functions-js.mjs": "1dc3e89b1726a49855256f2a77f12d63aeeb506b5481d257e225333372cefe1f",
    "https://esm.sh/@supabase/node-fetch@2.6.15/denonext/node-fetch.mjs": "0bae9052231f4f6dbccc7234d05ea96923dbf967be12f402764580b6bf9f713d",
    "https://esm.sh/@supabase/node-fetch@2.6.15?target=denonext": "4d28c4ad97328403184353f68434f2b6973971507919e9150297413664919cf3",
    "https://esm.sh/@supabase/postgrest-js@1.16.3/denonext/postgrest-js.mjs": "ef1f5a1c3f633a7ed97e19949ea817806470a6fb02cd02f78e2b1a0e38adfb2a",
    "https://esm.sh/@supabase/realtime-js@2.10.7/denonext/realtime-js.mjs": "fbc7a686a6cc9a244c46754c35b19fa186056fb2d331d09da287a9e452eae334",
    "https://esm.sh/@supabase/storage-js@2.7.1/denonext/storage-js.mjs": "73ac8cdc95cfcd794fe603dbd7ce06d539ab51538ae6467eabe0f9cc26c993aa",
    "https://esm.sh/@supabase/supabase-js@2.45.6": "64fd92035e0df4a318a5897293abdf5b33b5a66d264c7b40289c008d58251254",
    "https://esm.sh/@supabase/supabase-js@2.45.6/denonext/supabase-js.mjs": "8e37d612b9f2f0cb9039b29cb1115c71a13a92992e53f95be24bcab2449a13b5",
    "https://esm.sh/bufferutil@4.1.0/denonext/bufferutil.mjs": "9b6e81087bdc57848ad1de1f8618ebbace98ebd9ff6cab51260b48c2a045a9c9",
    "https://esm.sh/bufferutil@4.1.0?target=denonext": "aaa2a112199593ccc40da1aedf5124779862ea166afb0a8529f04f907001428a",
    "https://esm.sh/node-gyp-build@4.8.4/denonext/node-gyp-build.mjs": "9a86f2d044fc77bd60aaa3d697c2ba1b818da5fb1b9aaeedec59a40b8e908803",
    "https://esm.sh/node-gyp-build@4.8.4?target=denonext": "261a6cedf1fdbf159798141ba1e2311ac1510682c5c8b55dacc8cf5fdee4aa06",
    "https://esm.sh/tr46@0.0.3/denonext/tr46.mjs": "5753ec0a99414f4055f0c1f97691100f13d88e48a8443b00aebb90a512785fa2",
    "https://esm.sh/tr46@0.0.3?target=denonext": "19cb9be0f0d418a0c3abb81f2df31f080e9540a04e43b0f699bce1149cba0cbb",
    "https://esm.sh/utf-8-validate@6.0.6/denonext/utf-8-validate.mjs": "4a41983aa887625615f52a52b53c223d8f16c74e52a6bd41b2c361894c07f878",
    "https://esm.sh/utf-8-validate@6.0.6?target=denonext": "8afa4e097093160323f232f971ca61474d22ccafdac8025e4e4f66ab4e07b2c4",
    "https://esm.sh/webidl-conversions@3.0.1/denonext/webidl-conversions.mjs": "238cd0743827707cbc1c2d7c2cf1027dbc536fb53ec9a3fde0ff8026a3ac5385",
    "https://esm.sh/webidl-conversions@3.0.1?target=denonext": "4e20318d50528084616c79d7b3f6e7f0fe7b6d09013bd01b3974d7448d767e29",
    "https://esm.sh/whatwg-url@5.0.0/denonext/whatwg-url.mjs": "29b16d74ee72624c915745bbd25b617cfd2248c6af0f5120d131e232a9a9af79",
    "https://esm.sh/whatwg-url@5.0.0?target=denonext": "f001a2cadf81312d214ca330033f474e74d81a003e21e8c5d70a1f46dc97b02d",
    "https://esm.sh/ws@8.19.0/denonext/ws.mjs": "20159ebe457a6c0fdf9a80f10ab7cb73d0d7359e507c714f65eb9eadcc6ab9b2",
    "https://esm.sh/ws@8.19.0?target=denonext": "5754cf6636f02a4d1d3d9aaa9ebca9f6c08c121d3b3f0935dc2936b7a14c9453"
  },
  "workspace": {
    "packageJson": {
      "dependencies": [
        "npm:@eslint/js@^9.39.1",
        "npm:@hookform/resolvers@^5.2.2",
        "npm:@radix-ui/react-icons@^1.3.2",
        "npm:@radix-ui/react-label@^2.1.8",
        "npm:@radix-ui/react-popover@^1.1.15",
        "npm:@radix-ui/react-select@^2.2.6",
        "npm:@radix-ui/react-slot@^1.2.4",
        "npm:@radix-ui/react-tabs@^1.1.13",
        "npm:@supabase/supabase-js@^2.98.0",
        "npm:@types/node@^24.11.0",
        "npm:@types/react-dom@^19.2.3",
        "npm:@types/react@^19.2.7",
        "npm:@vitejs/plugin-react@^5.1.1",
        "npm:autoprefixer@^10.4.27",
        "npm:class-variance-authority@~0.7.1",
        "npm:clsx@^2.1.1",
        "npm:date-fns@^4.1.0",
        "npm:eslint-plugin-react-hooks@^7.0.1",
        "npm:eslint-plugin-react-refresh@~0.4.24",
        "npm:eslint@^9.39.1",
        "npm:globals@^16.5.0",
        "npm:lucide-react@0.576",
        "npm:postcss@^8.5.8",
        "npm:react-day-picker@^9.14.0",
        "npm:react-dom@^19.2.0",
        "npm:react-hook-form@^7.71.2",
        "npm:react-router-dom@^7.13.1",
        "npm:react@^19.2.0",
        "npm:recharts@^3.7.0",
        "npm:tailwind-merge@^3.5.0",
        "npm:tailwindcss-animate@^1.0.7",
        "npm:tailwindcss@^3.4.19",
        "npm:typescript-eslint@^8.48.0",
        "npm:typescript@~5.9.3",
        "npm:vite@^7.3.1",
        "npm:zod@^4.3.6"
      ]
    }
  }
}
